// !$*UTF8*$!
{
	archiveVersion = 1;
	classes = {
	};
	objectVersion = 50;
	objects = {

/* Begin PBXBuildFile section */
		A207E61D26A1DF7F00FD12E5 /* LandmarksApp.swift in Sources */ = {isa = PBXBuildFile; fileRef = A207E61C26A1DF7F00FD12E5 /* LandmarksApp.swift */; };
		A207E61F26A1DF7F00FD12E5 /* ContentView.swift in Sources */ = {isa = PBXBuildFile; fileRef = A207E61E26A1DF7F00FD12E5 /* ContentView.swift */; };
		A207E62126A1DF7F00FD12E5 /* Assets.xcassets in Resources */ = {isa = PBXBuildFile; fileRef = A207E62026A1DF7F00FD12E5 /* Assets.xcassets */; };
		A207E62426A1DF7F00FD12E5 /* Preview Assets.xcassets in Resources */ = {isa = PBXBuildFile; fileRef = A207E62326A1DF7F00FD12E5 /* Preview Assets.xcassets */; };
		A207E62E26A1EC1200FD12E5 /* CircleImage.swift in Sources */ = {isa = PBXBuildFile; fileRef = A207E62D26A1EC1200FD12E5 /* CircleImage.swift */; };
		A207E63226A279CD00FD12E5 /* landmarkData.json in Resources */ = {isa = PBXBuildFile; fileRef = A207E63126A279CD00FD12E5 /* landmarkData.json */; };
		A207E63426A279FD00FD12E5 /* Landmark.swift in Sources */ = {isa = PBXBuildFile; fileRef = A207E63326A279FD00FD12E5 /* Landmark.swift */; };
		A207E63626A27C4200FD12E5 /* ModelData.swift in Sources */ = {isa = PBXBuildFile; fileRef = A207E63526A27C4200FD12E5 /* ModelData.swift */; };
		A207E63B26A27FE800FD12E5 /* LandmarkRow.swift in Sources */ = {isa = PBXBuildFile; fileRef = A207E63A26A27FE800FD12E5 /* LandmarkRow.swift */; };
		A207E63D26A282A900FD12E5 /* MapView.swift in Sources */ = {isa = PBXBuildFile; fileRef = A207E62F26A1EDC100FD12E5 /* MapView.swift */; };
		A2C3972526A28AC10053D64D /* LandmarkList.swift in Sources */ = {isa = PBXBuildFile; fileRef = A2C3972426A28AC10053D64D /* LandmarkList.swift */; };
		A2C3972726A28C0E0053D64D /* LandmarkDetail.swift in Sources */ = {isa = PBXBuildFile; fileRef = A2C3972626A28C0E0053D64D /* LandmarkDetail.swift */; };
		A2C3972926A2C1C80053D64D /* FavoriteButton.swift in Sources */ = {isa = PBXBuildFile; fileRef = A2C3972826A2C1C80053D64D /* FavoriteButton.swift */; };
/* End PBXBuildFile section */

/* Begin PBXFileReference section */
		A207E61926A1DF7F00FD12E5 /* Landmarks.app */ = {isa = PBXFileReference; explicitFileType = wrapper.application; includeInIndex = 0; path = Landmarks.app; sourceTree = BUILT_PRODUCTS_DIR; };
		A207E61C26A1DF7F00FD12E5 /* LandmarksApp.swift */ = {isa = PBXFileReference; lastKnownFileType = sourcecode.swift; path = LandmarksApp.swift; sourceTree = "<group>"; };
		A207E61E26A1DF7F00FD12E5 /* ContentView.swift */ = {isa = PBXFileReference; lastKnownFileType = sourcecode.swift; path = ContentView.swift; sourceTree = "<group>"; };
		A207E62026A1DF7F00FD12E5 /* Assets.xcassets */ = {isa = PBXFileReference; lastKnownFileType = folder.assetcatalog; path = Assets.xcassets; sourceTree = "<group>"; };
		A207E62326A1DF7F00FD12E5 /* Preview Assets.xcassets */ = {isa = PBXFileReference; lastKnownFileType = folder.assetcatalog; path = "Preview Assets.xcassets"; sourceTree = "<group>"; };
		A207E62526A1DF7F00FD12E5 /* Info.plist */ = {isa = PBXFileReference; lastKnownFileType = text.plist.xml; path = Info.plist; sourceTree = "<group>"; };
		A207E62D26A1EC1200FD12E5 /* CircleImage.swift */ = {isa = PBXFileReference; lastKnownFileType = sourcecode.swift; path = CircleImage.swift; sourceTree = "<group>"; };
		A207E62F26A1EDC100FD12E5 /* MapView.swift */ = {isa = PBXFileReference; lastKnownFileType = sourcecode.swift; path = MapView.swift; sourceTree = "<group>"; };
		A207E63126A279CD00FD12E5 /* landmarkData.json */ = {isa = PBXFileReference; fileEncoding = 4; lastKnownFileType = text.json; path = landmarkData.json; sourceTree = "<group>"; };
		A207E63326A279FD00FD12E5 /* Landmark.swift */ = {isa = PBXFileReference; lastKnownFileType = sourcecode.swift; path = Landmark.swift; sourceTree = "<group>"; };
		A207E63526A27C4200FD12E5 /* ModelData.swift */ = {isa = PBXFileReference; lastKnownFileType = sourcecode.swift; path = ModelData.swift; sourceTree = "<group>"; };
		A207E63A26A27FE800FD12E5 /* LandmarkRow.swift */ = {isa = PBXFileReference; lastKnownFileType = sourcecode.swift; path = LandmarkRow.swift; sourceTree = "<group>"; };
		A2C3972426A28AC10053D64D /* LandmarkList.swift */ = {isa = PBXFileReference; lastKnownFileType = sourcecode.swift; path = LandmarkList.swift; sourceTree = "<group>"; };
		A2C3972626A28C0E0053D64D /* LandmarkDetail.swift */ = {isa = PBXFileReference; lastKnownFileType = sourcecode.swift; path = LandmarkDetail.swift; sourceTree = "<group>"; };
		A2C3972826A2C1C80053D64D /* FavoriteButton.swift */ = {isa = PBXFileReference; lastKnownFileType = sourcecode.swift; path = FavoriteButton.swift; sourceTree = "<group>"; };
/* End PBXFileReference section */

/* Begin PBXFrameworksBuildPhase section */
		A207E61626A1DF7F00FD12E5 /* Frameworks */ = {
			isa = PBXFrameworksBuildPhase;
			buildActionMask = 2147483647;
			files = (
			);
			runOnlyForDeploymentPostprocessing = 0;
		};
/* End PBXFrameworksBuildPhase section */

/* Begin PBXGroup section */
		A207E61026A1DF7F00FD12E5 = {
			isa = PBXGroup;
			children = (
				A207E61B26A1DF7F00FD12E5 /* Landmarks */,
				A207E61A26A1DF7F00FD12E5 /* Products */,
			);
			sourceTree = "<group>";
		};
		A207E61A26A1DF7F00FD12E5 /* Products */ = {
			isa = PBXGroup;
			children = (
				A207E61926A1DF7F00FD12E5 /* Landmarks.app */,
			);
			name = Products;
			sourceTree = "<group>";
		};
		A207E61B26A1DF7F00FD12E5 /* Landmarks */ = {
			isa = PBXGroup;
			children = (
				A207E62026A1DF7F00FD12E5 /* Assets.xcassets */,
				A207E62526A1DF7F00FD12E5 /* Info.plist */,
				A207E61C26A1DF7F00FD12E5 /* LandmarksApp.swift */,
				A207E63826A27F3000FD12E5 /* Model */,
				A207E62226A1DF7F00FD12E5 /* Preview Content */,
				A207E63926A27FA200FD12E5 /* Resources */,
				A207E63726A27F2800FD12E5 /* Views */,
			);
			path = Landmarks;
			sourceTree = "<group>";
		};
		A207E62226A1DF7F00FD12E5 /* Preview Content */ = {
			isa = PBXGroup;
			children = (
				A207E62326A1DF7F00FD12E5 /* Preview Assets.xcassets */,
			);
			path = "Preview Content";
			sourceTree = "<group>";
		};
		A207E63726A27F2800FD12E5 /* Views */ = {
			isa = PBXGroup;
			children = (
				A207E61E26A1DF7F00FD12E5 /* ContentView.swift */,
				A2C3972A26A2C3F60053D64D /* Helpers */,
				A2C3972C26A2C4260053D64D /* Landmarks */,
			);
			name = Views;
			path = Landmarks/Views;
			sourceTree = SOURCE_ROOT;
		};
		A207E63826A27F3000FD12E5 /* Model */ = {
			isa = PBXGroup;
			children = (
				A207E63326A279FD00FD12E5 /* Landmark.swift */,
				A207E63526A27C4200FD12E5 /* ModelData.swift */,
			);
			path = Model;
			sourceTree = "<group>";
		};
		A207E63926A27FA200FD12E5 /* Resources */ = {
			isa = PBXGroup;
			children = (
				A207E63126A279CD00FD12E5 /* landmarkData.json */,
			);
			path = Resources;
			sourceTree = "<group>";
		};
		A2C3972A26A2C3F60053D64D /* Helpers */ = {
			isa = PBXGroup;
			children = (
				A207E62D26A1EC1200FD12E5 /* CircleImage.swift */,
				A2C3972826A2C1C80053D64D /* FavoriteButton.swift */,
				A207E62F26A1EDC100FD12E5 /* MapView.swift */,
			);
			path = Helpers;
			sourceTree = "<group>";
		};
		A2C3972C26A2C4260053D64D /* Landmarks */ = {
			isa = PBXGroup;
			children = (
				A2C3972626A28C0E0053D64D /* LandmarkDetail.swift */,
				A2C3972426A28AC10053D64D /* LandmarkList.swift */,
				A207E63A26A27FE800FD12E5 /* LandmarkRow.swift */,
			);
			path = Landmarks;
			sourceTree = "<group>";
		};
/* End PBXGroup section */

/* Begin PBXNativeTarget section */
		A207E61826A1DF7F00FD12E5 /* Landmarks */ = {
			isa = PBXNativeTarget;
			buildConfigurationList = A207E62826A1DF7F00FD12E5 /* Build configuration list for PBXNativeTarget "Landmarks" */;
			buildPhases = (
				A207E61526A1DF7F00FD12E5 /* Sources */,
				A207E61626A1DF7F00FD12E5 /* Frameworks */,
				A207E61726A1DF7F00FD12E5 /* Resources */,
			);
			buildRules = (
			);
			dependencies = (
			);
			name = Landmarks;
			productName = Landmarks;
			productReference = A207E61926A1DF7F00FD12E5 /* Landmarks.app */;
			productType = "com.apple.product-type.application";
		};
/* End PBXNativeTarget section */

/* Begin PBXProject section */
		A207E61126A1DF7F00FD12E5 /* Project object */ = {
			isa = PBXProject;
			attributes = {
				LastSwiftUpdateCheck = 1250;
				LastUpgradeCheck = 1250;
				TargetAttributes = {
					A207E61826A1DF7F00FD12E5 = {
						CreatedOnToolsVersion = 12.5.1;
					};
				};
			};
			buildConfigurationList = A207E61426A1DF7F00FD12E5 /* Build configuration list for PBXProject "Landmarks" */;
			compatibilityVersion = "Xcode 9.3";
			developmentRegion = en;
			hasScannedForEncodings = 0;
			knownRegions = (
				en,
				Base,
			);
			mainGroup = A207E61026A1DF7F00FD12E5;
			productRefGroup = A207E61A26A1DF7F00FD12E5 /* Products */;
			projectDirPath = "";
			projectRoot = "";
			targets = (
				A207E61826A1DF7F00FD12E5 /* Landmarks */,
			);
		};
/* End PBXProject section */

/* Begin PBXResourcesBuildPhase section */
		A207E61726A1DF7F00FD12E5 /* Resources */ = {
			isa = PBXResourcesBuildPhase;
			buildActionMask = 2147483647;
			files = (
				A207E62426A1DF7F00FD12E5 /* Preview Assets.xcassets in Resources */,
				A207E62126A1DF7F00FD12E5 /* Assets.xcassets in Resources */,
				A207E63226A279CD00FD12E5 /* landmarkData.json in Resources */,
			);
			runOnlyForDeploymentPostprocessing = 0;
		};
/* End PBXResourcesBuildPhase section */

/* Begin PBXSourcesBuildPhase section */
		A207E61526A1DF7F00FD12E5 /* Sources */ = {
			isa = PBXSourcesBuildPhase;
			buildActionMask = 2147483647;
			files = (
				A207E63D26A282A900FD12E5 /* MapView.swift in Sources */,
				A207E61F26A1DF7F00FD12E5 /* ContentView.swift in Sources */,
				A207E61D26A1DF7F00FD12E5 /* LandmarksApp.swift in Sources */,
				A2C3972926A2C1C80053D64D /* FavoriteButton.swift in Sources */,
				A2C3972526A28AC10053D64D /* LandmarkList.swift in Sources */,
				A2C3972726A28C0E0053D64D /* LandmarkDetail.swift in Sources */,
				A207E62E26A1EC1200FD12E5 /* CircleImage.swift in Sources */,
				A207E63426A279FD00FD12E5 /* Landmark.swift in Sources */,
				A207E63B26A27FE800FD12E5 /* LandmarkRow.swift in Sources */,
				A207E63626A27C4200FD12E5 /* ModelData.swift in Sources */,
			);
			runOnlyForDeploymentPostprocessing = 0;
		};
/* End PBXSourcesBuildPhase section */

/* Begin XCBuildConfiguration section */
		A207E62626A1DF7F00FD12E5 /* Debug */ = {
			isa = XCBuildConfiguration;
			buildSettings = {
				ALWAYS_SEARCH_USER_PATHS = NO;
				CLANG_ANALYZER_NONNULL = YES;
				CLANG_ANALYZER_NUMBER_OBJECT_CONVERSION = YES_AGGRESSIVE;
				CLANG_CXX_LANGUAGE_STANDARD = "gnu++14";
				CLANG_CXX_LIBRARY = "libc++";
				CLANG_ENABLE_MODULES = YES;
				CLANG_ENABLE_OBJC_ARC = YES;
				CLANG_ENABLE_OBJC_WEAK = YES;
				CLANG_WARN_BLOCK_CAPTURE_AUTORELEASING = YES;
				CLANG_WARN_BOOL_CONVERSION = YES;
				CLANG_WARN_COMMA = YES;
				CLANG_WARN_CONSTANT_CONVERSION = YES;
				CLANG_WARN_DEPRECATED_OBJC_IMPLEMENTATIONS = YES;
				CLANG_WARN_DIRECT_OBJC_ISA_USAGE = YES_ERROR;
				CLANG_WARN_DOCUMENTATION_COMMENTS = YES;
				CLANG_WARN_EMPTY_BODY = YES;
				CLANG_WARN_ENUM_CONVERSION = YES;
				CLANG_WARN_INFINITE_RECURSION = YES;
				CLANG_WARN_INT_CONVERSION = YES;
				CLANG_WARN_NON_LITERAL_NULL_CONVERSION = YES;
				CLANG_WARN_OBJC_IMPLICIT_RETAIN_SELF = YES;
				CLANG_WARN_OBJC_LITERAL_CONVERSION = YES;
				CLANG_WARN_OBJC_ROOT_CLASS = YES_ERROR;
				CLANG_WARN_QUOTED_INCLUDE_IN_FRAMEWORK_HEADER = YES;
				CLANG_WARN_RANGE_LOOP_ANALYSIS = YES;
				CLANG_WARN_STRICT_PROTOTYPES = YES;
				CLANG_WARN_SUSPICIOUS_MOVE = YES;
				CLANG_WARN_UNGUARDED_AVAILABILITY = YES_AGGRESSIVE;
				CLANG_WARN_UNREACHABLE_CODE = YES;
				CLANG_WARN__DUPLICATE_METHOD_MATCH = YES;
				COPY_PHASE_STRIP = NO;
				DEBUG_INFORMATION_FORMAT = dwarf;
				ENABLE_STRICT_OBJC_MSGSEND = YES;
				ENABLE_TESTABILITY = YES;
				GCC_C_LANGUAGE_STANDARD = gnu11;
				GCC_DYNAMIC_NO_PIC = NO;
				GCC_NO_COMMON_BLOCKS = YES;
				GCC_OPTIMIZATION_LEVEL = 0;
				GCC_PREPROCESSOR_DEFINITIONS = (
					"DEBUG=1",
					"$(inherited)",
				);
				GCC_WARN_64_TO_32_BIT_CONVERSION = YES;
				GCC_WARN_ABOUT_RETURN_TYPE = YES_ERROR;
				GCC_WARN_UNDECLARED_SELECTOR = YES;
				GCC_WARN_UNINITIALIZED_AUTOS = YES_AGGRESSIVE;
				GCC_WARN_UNUSED_FUNCTION = YES;
				GCC_WARN_UNUSED_VARIABLE = YES;
				IPHONEOS_DEPLOYMENT_TARGET = 14.5;
				MTL_ENABLE_DEBUG_INFO = INCLUDE_SOURCE;
				MTL_FAST_MATH = YES;
				ONLY_ACTIVE_ARCH = YES;
				SDKROOT = iphoneos;
				SWIFT_ACTIVE_COMPILATION_CONDITIONS = DEBUG;
				SWIFT_OPTIMIZATION_LEVEL = "-Onone";
			};
			name = Debug;
		};
		A207E62726A1DF7F00FD12E5 /* Release */ = {
			isa = XCBuildConfiguration;
			buildSettings = {
				ALWAYS_SEARCH_USER_PATHS = NO;
				CLANG_ANALYZER_NONNULL = YES;
				CLANG_ANALYZER_NUMBER_OBJECT_CONVERSION = YES_AGGRESSIVE;
				CLANG_CXX_LANGUAGE_STANDARD = "gnu++14";
				CLANG_CXX_LIBRARY = "libc++";
				CLANG_ENABLE_MODULES = YES;
				CLANG_ENABLE_OBJC_ARC = YES;
				CLANG_ENABLE_OBJC_WEAK = YES;
				CLANG_WARN_BLOCK_CAPTURE_AUTORELEASING = YES;
				CLANG_WARN_BOOL_CONVERSION = YES;
				CLANG_WARN_COMMA = YES;
				CLANG_WARN_CONSTANT_CONVERSION = YES;
				CLANG_WARN_DEPRECATED_OBJC_IMPLEMENTATIONS = YES;
				CLANG_WARN_DIRECT_OBJC_ISA_USAGE = YES_ERROR;
				CLANG_WARN_DOCUMENTATION_COMMENTS = YES;
				CLANG_WARN_EMPTY_BODY = YES;
				CLANG_WARN_ENUM_CONVERSION = YES;
				CLANG_WARN_INFINITE_RECURSION = YES;
				CLANG_WARN_INT_CONVERSION = YES;
				CLANG_WARN_NON_LITERAL_NULL_CONVERSION = YES;
				CLANG_WARN_OBJC_IMPLICIT_RETAIN_SELF = YES;
				CLANG_WARN_OBJC_LITERAL_CONVERSION = YES;
				CLANG_WARN_OBJC_ROOT_CLASS = YES_ERROR;
				CLANG_WARN_QUOTED_INCLUDE_IN_FRAMEWORK_HEADER = YES;
				CLANG_WARN_RANGE_LOOP_ANALYSIS = YES;
				CLANG_WARN_STRICT_PROTOTYPES = YES;
				CLANG_WARN_SUSPICIOUS_MOVE = YES;
				CLANG_WARN_UNGUARDED_AVAILABILITY = YES_AGGRESSIVE;
				CLANG_WARN_UNREACHABLE_CODE = YES;
				CLANG_WARN__DUPLICATE_METHOD_MATCH = YES;
				COPY_PHASE_STRIP = NO;
				DEBUG_INFORMATION_FORMAT = "dwarf-with-dsym";
				ENABLE_NS_ASSERTIONS = NO;
				ENABLE_STRICT_OBJC_MSGSEND = YES;
				GCC_C_LANGUAGE_STANDARD = gnu11;
				GCC_NO_COMMON_BLOCKS = YES;
				GCC_WARN_64_TO_32_BIT_CONVERSION = YES;
				GCC_WARN_ABOUT_RETURN_TYPE = YES_ERROR;
				GCC_WARN_UNDECLARED_SELECTOR = YES;
				GCC_WARN_UNINITIALIZED_AUTOS = YES_AGGRESSIVE;
				GCC_WARN_UNUSED_FUNCTION = YES;
				GCC_WARN_UNUSED_VARIABLE = YES;
				IPHONEOS_DEPLOYMENT_TARGET = 14.5;
				MTL_ENABLE_DEBUG_INFO = NO;
				MTL_FAST_MATH = YES;
				SDKROOT = iphoneos;
				SWIFT_COMPILATION_MODE = wholemodule;
				SWIFT_OPTIMIZATION_LEVEL = "-O";
				VALIDATE_PRODUCT = YES;
			};
			name = Release;
		};
		A207E62926A1DF7F00FD12E5 /* Debug */ = {
			isa = XCBuildConfiguration;
			buildSettings = {
				ASSETCATALOG_COMPILER_APPICON_NAME = AppIcon;
				ASSETCATALOG_COMPILER_GLOBAL_ACCENT_COLOR_NAME = AccentColor;
				CODE_SIGN_STYLE = Automatic;
				DEVELOPMENT_ASSET_PATHS = "\"Landmarks/Preview Content\"";
				ENABLE_PREVIEWS = YES;
				INFOPLIST_FILE = Landmarks/Info.plist;
				IPHONEOS_DEPLOYMENT_TARGET = 14.0;
				LD_RUNPATH_SEARCH_PATHS = (
					"$(inherited)",
					"@executable_path/Frameworks",
				);
				PRODUCT_BUNDLE_IDENTIFIER = pqkluan.Landmarks;
				PRODUCT_NAME = "$(TARGET_NAME)";
				SWIFT_VERSION = 5.0;
				TARGETED_DEVICE_FAMILY = "1,2";
			};
			name = Debug;
		};
		A207E62A26A1DF7F00FD12E5 /* Release */ = {
			isa = XCBuildConfiguration;
			buildSettings = {
				ASSETCATALOG_COMPILER_APPICON_NAME = AppIcon;
				ASSETCATALOG_COMPILER_GLOBAL_ACCENT_COLOR_NAME = AccentColor;
				CODE_SIGN_STYLE = Automatic;
				DEVELOPMENT_ASSET_PATHS = "\"Landmarks/Preview Content\"";
				ENABLE_PREVIEWS = YES;
				INFOPLIST_FILE = Landmarks/Info.plist;
				IPHONEOS_DEPLOYMENT_TARGET = 14.0;
				LD_RUNPATH_SEARCH_PATHS = (
					"$(inherited)",
					"@executable_path/Frameworks",
				);
				PRODUCT_BUNDLE_IDENTIFIER = pqkluan.Landmarks;
				PRODUCT_NAME = "$(TARGET_NAME)";
				SWIFT_VERSION = 5.0;
				TARGETED_DEVICE_FAMILY = "1,2";
			};
			name = Release;
		};
/* End XCBuildConfiguration section */

/* Begin XCConfigurationList section */
		A207E61426A1DF7F00FD12E5 /* Build configuration list for PBXProject "Landmarks" */ = {
			isa = XCConfigurationList;
			buildConfigurations = (
				A207E62626A1DF7F00FD12E5 /* Debug */,
				A207E62726A1DF7F00FD12E5 /* Release */,
			);
			defaultConfigurationIsVisible = 0;
			defaultConfigurationName = Release;
		};
		A207E62826A1DF7F00FD12E5 /* Build configuration list for PBXNativeTarget "Landmarks" */ = {
			isa = XCConfigurationList;
			buildConfigurations = (
				A207E62926A1DF7F00FD12E5 /* Debug */,
				A207E62A26A1DF7F00FD12E5 /* Release */,
			);
			defaultConfigurationIsVisible = 0;
			defaultConfigurationName = Release;
		};
/* End XCConfigurationList section */
	};
	rootObject = A207E61126A1DF7F00FD12E5 /* Project object */;
}
